// !$*UTF8*$!
{
	archiveVersion = 1;
	classes = {
	};
	objectVersion = 56;
	objects = {

/* Begin PBXBuildFile section */
		B6207BBB2C366A94001C2799 /* AppDelegate.swift in Sources */ = {isa = PBXBuildFile; fileRef = B6207BBA2C366A94001C2799 /* AppDelegate.swift */; };
		B6207BBD2C366A94001C2799 /* SceneDelegate.swift in Sources */ = {isa = PBXBuildFile; fileRef = B6207BBC2C366A94001C2799 /* SceneDelegate.swift */; };
		B6207BBF2C366A94001C2799 /* ViewController.swift in Sources */ = {isa = PBXBuildFile; fileRef = B6207BBE2C366A94001C2799 /* ViewController.swift */; };
		B6207BC22C366A94001C2799 /* Main.storyboard in Resources */ = {isa = PBXBuildFile; fileRef = B6207BC02C366A94001C2799 /* Main.storyboard */; };
		B6207BC42C366A96001C2799 /* Assets.xcassets in Resources */ = {isa = PBXBuildFile; fileRef = B6207BC32C366A96001C2799 /* Assets.xcassets */; };
		B6207BC72C366A96001C2799 /* LaunchScreen.storyboard in Resources */ = {isa = PBXBuildFile; fileRef = B6207BC52C366A96001C2799 /* LaunchScreen.storyboard */; };
		B6207BCF2C366D00001C2799 /* VideoTranscode.swift in Sources */ = {isa = PBXBuildFile; fileRef = B6207BCE2C366D00001C2799 /* VideoTranscode.swift */; };
		B6207BD12C3675B8001C2799 /* sport.mp4 in Resources */ = {isa = PBXBuildFile; fileRef = B6207BD02C36750A001C2799 /* sport.mp4 */; };
		B6207BD42C367C21001C2799 /* Cloudinary in Frameworks */ = {isa = PBXBuildFile; productRef = B6207BD32C367C21001C2799 /* Cloudinary */; };
/* End PBXBuildFile section */

/* Begin PBXFileReference section */
		B6207BB72C366A94001C2799 /* TranscodeSample.app */ = {isa = PBXFileReference; explicitFileType = wrapper.application; includeInIndex = 0; path = TranscodeSample.app; sourceTree = BUILT_PRODUCTS_DIR; };
		B6207BBA2C366A94001C2799 /* AppDelegate.swift */ = {isa = PBXFileReference; lastKnownFileType = sourcecode.swift; path = AppDelegate.swift; sourceTree = "<group>"; };
		B6207BBC2C366A94001C2799 /* SceneDelegate.swift */ = {isa = PBXFileReference; lastKnownFileType = sourcecode.swift; path = SceneDelegate.swift; sourceTree = "<group>"; };
		B6207BBE2C366A94001C2799 /* ViewController.swift */ = {isa = PBXFileReference; lastKnownFileType = sourcecode.swift; path = ViewController.swift; sourceTree = "<group>"; };
		B6207BC12C366A94001C2799 /* Base */ = {isa = PBXFileReference; lastKnownFileType = file.storyboard; name = Base; path = Base.lproj/Main.storyboard; sourceTree = "<group>"; };
		B6207BC32C366A96001C2799 /* Assets.xcassets */ = {isa = PBXFileReference; lastKnownFileType = folder.assetcatalog; path = Assets.xcassets; sourceTree = "<group>"; };
		B6207BC62C366A96001C2799 /* Base */ = {isa = PBXFileReference; lastKnownFileType = file.storyboard; name = Base; path = Base.lproj/LaunchScreen.storyboard; sourceTree = "<group>"; };
		B6207BC82C366A96001C2799 /* Info.plist */ = {isa = PBXFileReference; lastKnownFileType = text.plist.xml; path = Info.plist; sourceTree = "<group>"; };
		B6207BCE2C366D00001C2799 /* VideoTranscode.swift */ = {isa = PBXFileReference; lastKnownFileType = sourcecode.swift; path = VideoTranscode.swift; sourceTree = "<group>"; };
		B6207BD02C36750A001C2799 /* sport.mp4 */ = {isa = PBXFileReference; lastKnownFileType = file; path = sport.mp4; sourceTree = "<group>"; };
/* End PBXFileReference section */

/* Begin PBXFrameworksBuildPhase section */
		B6207BB42C366A94001C2799 /* Frameworks */ = {
			isa = PBXFrameworksBuildPhase;
			buildActionMask = 2147483647;
			files = (
				B6207BD42C367C21001C2799 /* Cloudinary in Frameworks */,
			);
			runOnlyForDeploymentPostprocessing = 0;
		};
/* End PBXFrameworksBuildPhase section */

/* Begin PBXGroup section */
		B6207BAE2C366A94001C2799 = {
			isa = PBXGroup;
			children = (
				B6207BB92C366A94001C2799 /* TranscodeSample */,
				B6207BB82C366A94001C2799 /* Products */,
			);
			sourceTree = "<group>";
		};
		B6207BB82C366A94001C2799 /* Products */ = {
			isa = PBXGroup;
			children = (
				B6207BB72C366A94001C2799 /* TranscodeSample.app */,
			);
			name = Products;
			sourceTree = "<group>";
		};
		B6207BB92C366A94001C2799 /* TranscodeSample */ = {
			isa = PBXGroup;
			children = (
				B6207BD02C36750A001C2799 /* sport.mp4 */,
				B6207BBA2C366A94001C2799 /* AppDelegate.swift */,
				B6207BBC2C366A94001C2799 /* SceneDelegate.swift */,
				B6207BBE2C366A94001C2799 /* ViewController.swift */,
				B6207BC02C366A94001C2799 /* Main.storyboard */,
				B6207BC32C366A96001C2799 /* Assets.xcassets */,
				B6207BC52C366A96001C2799 /* LaunchScreen.storyboard */,
				B6207BC82C366A96001C2799 /* Info.plist */,
				B6207BCE2C366D00001C2799 /* VideoTranscode.swift */,
			);
			path = TranscodeSample;
			sourceTree = "<group>";
		};
/* End PBXGroup section */

/* Begin PBXNativeTarget section */
		B6207BB62C366A94001C2799 /* TranscodeSample */ = {
			isa = PBXNativeTarget;
			buildConfigurationList = B6207BCB2C366A96001C2799 /* Build configuration list for PBXNativeTarget "TranscodeSample" */;
			buildPhases = (
				B6207BB32C366A94001C2799 /* Sources */,
				B6207BB42C366A94001C2799 /* Frameworks */,
				B6207BB52C366A94001C2799 /* Resources */,
			);
			buildRules = (
			);
			dependencies = (
			);
			name = TranscodeSample;
			packageProductDependencies = (
				B6207BD32C367C21001C2799 /* Cloudinary */,
			);
			productName = TranscodeSample;
			productReference = B6207BB72C366A94001C2799 /* TranscodeSample.app */;
			productType = "com.apple.product-type.application";
		};
/* End PBXNativeTarget section */

/* Begin PBXProject section */
		B6207BAF2C366A94001C2799 /* Project object */ = {
			isa = PBXProject;
			attributes = {
				BuildIndependentTargetsInParallel = 1;
				LastSwiftUpdateCheck = 1520;
				LastUpgradeCheck = 1520;
				TargetAttributes = {
					B6207BB62C366A94001C2799 = {
						CreatedOnToolsVersion = 15.2;
					};
				};
			};
			buildConfigurationList = B6207BB22C366A94001C2799 /* Build configuration list for PBXProject "TranscodeSample" */;
			compatibilityVersion = "Xcode 14.0";
			developmentRegion = en;
			hasScannedForEncodings = 0;
			knownRegions = (
				en,
				Base,
			);
			mainGroup = B6207BAE2C366A94001C2799;
			packageReferences = (
				B6207BD22C367C21001C2799 /* XCRemoteSwiftPackageReference "cloudinary_ios" */,
			);
			productRefGroup = B6207BB82C366A94001C2799 /* Products */;
			projectDirPath = "";
			projectRoot = "";
			targets = (
				B6207BB62C366A94001C2799 /* TranscodeSample */,
			);
		};
/* End PBXProject section */

/* Begin PBXResourcesBuildPhase section */
		B6207BB52C366A94001C2799 /* Resources */ = {
			isa = PBXResourcesBuildPhase;
			buildActionMask = 2147483647;
			files = (
				B6207BD12C3675B8001C2799 /* sport.mp4 in Resources */,
				B6207BC72C366A96001C2799 /* LaunchScreen.storyboard in Resources */,
				B6207BC42C366A96001C2799 /* Assets.xcassets in Resources */,
				B6207BC22C366A94001C2799 /* Main.storyboard in Resources */,
			);
			runOnlyForDeploymentPostprocessing = 0;
		};
/* End PBXResourcesBuildPhase section */

/* Begin PBXSourcesBuildPhase section */
		B6207BB32C366A94001C2799 /* Sources */ = {
			isa = PBXSourcesBuildPhase;
			buildActionMask = 2147483647;
			files = (
				B6207BBF2C366A94001C2799 /* ViewController.swift in Sources */,
				B6207BCF2C366D00001C2799 /* VideoTranscode.swift in Sources */,
				B6207BBB2C366A94001C2799 /* AppDelegate.swift in Sources */,
				B6207BBD2C366A94001C2799 /* SceneDelegate.swift in Sources */,
			);
			runOnlyForDeploymentPostprocessing = 0;
		};
/* End PBXSourcesBuildPhase section */

/* Begin PBXVariantGroup section */
		B6207BC02C366A94001C2799 /* Main.storyboard */ = {
			isa = PBXVariantGroup;
			children = (
				B6207BC12C366A94001C2799 /* Base */,
			);
			name = Main.storyboard;
			sourceTree = "<group>";
		};
		B6207BC52C366A96001C2799 /* LaunchScreen.storyboard */ = {
			isa = PBXVariantGroup;
			children = (
				B6207BC62C366A96001C2799 /* Base */,
			);
			name = LaunchScreen.storyboard;
			sourceTree = "<group>";
		};
/* End PBXVariantGroup section */

/* Begin XCBuildConfiguration section */
		B6207BC92C366A96001C2799 /* Debug */ = {
			isa = XCBuildConfiguration;
			buildSettings = {
				ALWAYS_SEARCH_USER_PATHS = NO;
				ASSETCATALOG_COMPILER_GENERATE_SWIFT_ASSET_SYMBOL_EXTENSIONS = YES;
				CLANG_ANALYZER_NONNULL = YES;
				CLANG_ANALYZER_NUMBER_OBJECT_CONVERSION = YES_AGGRESSIVE;
				CLANG_CXX_LANGUAGE_STANDARD = "gnu++20";
				CLANG_ENABLE_MODULES = YES;
				CLANG_ENABLE_OBJC_ARC = YES;
				CLANG_ENABLE_OBJC_WEAK = YES;
				CLANG_WARN_BLOCK_CAPTURE_AUTORELEASING = YES;
				CLANG_WARN_BOOL_CONVERSION = YES;
				CLANG_WARN_COMMA = YES;
				CLANG_WARN_CONSTANT_CONVERSION = YES;
				CLANG_WARN_DEPRECATED_OBJC_IMPLEMENTATIONS = YES;
				CLANG_WARN_DIRECT_OBJC_ISA_USAGE = YES_ERROR;
				CLANG_WARN_DOCUMENTATION_COMMENTS = YES;
				CLANG_WARN_EMPTY_BODY = YES;
				CLANG_WARN_ENUM_CONVERSION = YES;
				CLANG_WARN_INFINITE_RECURSION = YES;
				CLANG_WARN_INT_CONVERSION = YES;
				CLANG_WARN_NON_LITERAL_NULL_CONVERSION = YES;
				CLANG_WARN_OBJC_IMPLICIT_RETAIN_SELF = YES;
				CLANG_WARN_OBJC_LITERAL_CONVERSION = YES;
				CLANG_WARN_OBJC_ROOT_CLASS = YES_ERROR;
				CLANG_WARN_QUOTED_INCLUDE_IN_FRAMEWORK_HEADER = YES;
				CLANG_WARN_RANGE_LOOP_ANALYSIS = YES;
				CLANG_WARN_STRICT_PROTOTYPES = YES;
				CLANG_WARN_SUSPICIOUS_MOVE = YES;
				CLANG_WARN_UNGUARDED_AVAILABILITY = YES_AGGRESSIVE;
				CLANG_WARN_UNREACHABLE_CODE = YES;
				CLANG_WARN__DUPLICATE_METHOD_MATCH = YES;
				COPY_PHASE_STRIP = NO;
				DEBUG_INFORMATION_FORMAT = dwarf;
				ENABLE_STRICT_OBJC_MSGSEND = YES;
				ENABLE_TESTABILITY = YES;
				ENABLE_USER_SCRIPT_SANDBOXING = YES;
				GCC_C_LANGUAGE_STANDARD = gnu17;
				GCC_DYNAMIC_NO_PIC = NO;
				GCC_NO_COMMON_BLOCKS = YES;
				GCC_OPTIMIZATION_LEVEL = 0;
				GCC_PREPROCESSOR_DEFINITIONS = (
					"DEBUG=1",
					"$(inherited)",
				);
				GCC_WARN_64_TO_32_BIT_CONVERSION = YES;
				GCC_WARN_ABOUT_RETURN_TYPE = YES_ERROR;
				GCC_WARN_UNDECLARED_SELECTOR = YES;
				GCC_WARN_UNINITIALIZED_AUTOS = YES_AGGRESSIVE;
				GCC_WARN_UNUSED_FUNCTION = YES;
				GCC_WARN_UNUSED_VARIABLE = YES;
				IPHONEOS_DEPLOYMENT_TARGET = 17.2;
				LOCALIZATION_PREFERS_STRING_CATALOGS = YES;
				MTL_ENABLE_DEBUG_INFO = INCLUDE_SOURCE;
				MTL_FAST_MATH = YES;
				ONLY_ACTIVE_ARCH = YES;
				SDKROOT = iphoneos;
				SWIFT_ACTIVE_COMPILATION_CONDITIONS = "DEBUG $(inherited)";
				SWIFT_OPTIMIZATION_LEVEL = "-Onone";
			};
			name = Debug;
		};
		B6207BCA2C366A96001C2799 /* Release */ = {
			isa = XCBuildConfiguration;
			buildSettings = {
				ALWAYS_SEARCH_USER_PATHS = NO;
				ASSETCATALOG_COMPILER_GENERATE_SWIFT_ASSET_SYMBOL_EXTENSIONS = YES;
				CLANG_ANALYZER_NONNULL = YES;
				CLANG_ANALYZER_NUMBER_OBJECT_CONVERSION = YES_AGGRESSIVE;
				CLANG_CXX_LANGUAGE_STANDARD = "gnu++20";
				CLANG_ENABLE_MODULES = YES;
				CLANG_ENABLE_OBJC_ARC = YES;
				CLANG_ENABLE_OBJC_WEAK = YES;
				CLANG_WARN_BLOCK_CAPTURE_AUTORELEASING = YES;
				CLANG_WARN_BOOL_CONVERSION = YES;
				CLANG_WARN_COMMA = YES;
				CLANG_WARN_CONSTANT_CONVERSION = YES;
				CLANG_WARN_DEPRECATED_OBJC_IMPLEMENTATIONS = YES;
				CLANG_WARN_DIRECT_OBJC_ISA_USAGE = YES_ERROR;
				CLANG_WARN_DOCUMENTATION_COMMENTS = YES;
				CLANG_WARN_EMPTY_BODY = YES;
				CLANG_WARN_ENUM_CONVERSION = YES;
				CLANG_WARN_INFINITE_RECURSION = YES;
				CLANG_WARN_INT_CONVERSION = YES;
				CLANG_WARN_NON_LITERAL_NULL_CONVERSION = YES;
				CLANG_WARN_OBJC_IMPLICIT_RETAIN_SELF = YES;
				CLANG_WARN_OBJC_LITERAL_CONVERSION = YES;
				CLANG_WARN_OBJC_ROOT_CLASS = YES_ERROR;
				CLANG_WARN_QUOTED_INCLUDE_IN_FRAMEWORK_HEADER = YES;
				CLANG_WARN_RANGE_LOOP_ANALYSIS = YES;
				CLANG_WARN_STRICT_PROTOTYPES = YES;
				CLANG_WARN_SUSPICIOUS_MOVE = YES;
				CLANG_WARN_UNGUARDED_AVAILABILITY = YES_AGGRESSIVE;
				CLANG_WARN_UNREACHABLE_CODE = YES;
				CLANG_WARN__DUPLICATE_METHOD_MATCH = YES;
				COPY_PHASE_STRIP = NO;
				DEBUG_INFORMATION_FORMAT = "dwarf-with-dsym";
				ENABLE_NS_ASSERTIONS = NO;
				ENABLE_STRICT_OBJC_MSGSEND = YES;
				ENABLE_USER_SCRIPT_SANDBOXING = YES;
				GCC_C_LANGUAGE_STANDARD = gnu17;
				GCC_NO_COMMON_BLOCKS = YES;
				GCC_WARN_64_TO_32_BIT_CONVERSION = YES;
				GCC_WARN_ABOUT_RETURN_TYPE = YES_ERROR;
				GCC_WARN_UNDECLARED_SELECTOR = YES;
				GCC_WARN_UNINITIALIZED_AUTOS = YES_AGGRESSIVE;
				GCC_WARN_UNUSED_FUNCTION = YES;
				GCC_WARN_UNUSED_VARIABLE = YES;
				IPHONEOS_DEPLOYMENT_TARGET = 17.2;
				LOCALIZATION_PREFERS_STRING_CATALOGS = YES;
				MTL_ENABLE_DEBUG_INFO = NO;
				MTL_FAST_MATH = YES;
				SDKROOT = iphoneos;
				SWIFT_COMPILATION_MODE = wholemodule;
				VALIDATE_PRODUCT = YES;
			};
			name = Release;
		};
		B6207BCC2C366A96001C2799 /* Debug */ = {
			isa = XCBuildConfiguration;
			buildSettings = {
				ASSETCATALOG_COMPILER_APPICON_NAME = AppIcon;
				ASSETCATALOG_COMPILER_GLOBAL_ACCENT_COLOR_NAME = AccentColor;
				CODE_SIGN_STYLE = Automatic;
				CURRENT_PROJECT_VERSION = 1;
				DEVELOPMENT_TEAM = 3TR999VVAS;
				GENERATE_INFOPLIST_FILE = YES;
				INFOPLIST_FILE = TranscodeSample/Info.plist;
				INFOPLIST_KEY_UIApplicationSupportsIndirectInputEvents = YES;
				INFOPLIST_KEY_UILaunchStoryboardName = LaunchScreen;
				INFOPLIST_KEY_UIMainStoryboardFile = Main;
				INFOPLIST_KEY_UISupportedInterfaceOrientations_iPad = "UIInterfaceOrientationPortrait UIInterfaceOrientationPortraitUpsideDown UIInterfaceOrientationLandscapeLeft UIInterfaceOrientationLandscapeRight";
				INFOPLIST_KEY_UISupportedInterfaceOrientations_iPhone = "UIInterfaceOrientationPortrait UIInterfaceOrientationLandscapeLeft UIInterfaceOrientationLandscapeRight";
				LD_RUNPATH_SEARCH_PATHS = (
					"$(inherited)",
					"@executable_path/Frameworks",
				);
				MARKETING_VERSION = 1.0;
				PRODUCT_BUNDLE_IDENTIFIER = com.cloudinary.TranscodeSample;
				PRODUCT_NAME = "$(TARGET_NAME)";
				SWIFT_EMIT_LOC_STRINGS = YES;
				SWIFT_VERSION = 5.0;
				TARGETED_DEVICE_FAMILY = "1,2";
			};
			name = Debug;
		};
		B6207BCD2C366A96001C2799 /* Release */ = {
			isa = XCBuildConfiguration;
			buildSettings = {
				ASSETCATALOG_COMPILER_APPICON_NAME = AppIcon;
				ASSETCATALOG_COMPILER_GLOBAL_ACCENT_COLOR_NAME = AccentColor;
				CODE_SIGN_STYLE = Automatic;
				CURRENT_PROJECT_VERSION = 1;
				DEVELOPMENT_TEAM = 3TR999VVAS;
				GENERATE_INFOPLIST_FILE = YES;
				INFOPLIST_FILE = TranscodeSample/Info.plist;
				INFOPLIST_KEY_UIApplicationSupportsIndirectInputEvents = YES;
				INFOPLIST_KEY_UILaunchStoryboardName = LaunchScreen;
				INFOPLIST_KEY_UIMainStoryboardFile = Main;
				INFOPLIST_KEY_UISupportedInterfaceOrientations_iPad = "UIInterfaceOrientationPortrait UIInterfaceOrientationPortraitUpsideDown UIInterfaceOrientationLandscapeLeft UIInterfaceOrientationLandscapeRight";
				INFOPLIST_KEY_UISupportedInterfaceOrientations_iPhone = "UIInterfaceOrientationPortrait UIInterfaceOrientationLandscapeLeft UIInterfaceOrientationLandscapeRight";
				LD_RUNPATH_SEARCH_PATHS = (
					"$(inherited)",
					"@executable_path/Frameworks",
				);
				MARKETING_VERSION = 1.0;
				PRODUCT_BUNDLE_IDENTIFIER = com.cloudinary.TranscodeSample;
				PRODUCT_NAME = "$(TARGET_NAME)";
				SWIFT_EMIT_LOC_STRINGS = YES;
				SWIFT_VERSION = 5.0;
				TARGETED_DEVICE_FAMILY = "1,2";
			};
			name = Release;
		};
/* End XCBuildConfiguration section */

/* Begin XCConfigurationList section */
		B6207BB22C366A94001C2799 /* Build configuration list for PBXProject "TranscodeSample" */ = {
			isa = XCConfigurationList;
			buildConfigurations = (
				B6207BC92C366A96001C2799 /* Debug */,
				B6207BCA2C366A96001C2799 /* Release */,
			);
			defaultConfigurationIsVisible = 0;
			defaultConfigurationName = Release;
		};
		B6207BCB2C366A96001C2799 /* Build configuration list for PBXNativeTarget "TranscodeSample" */ = {
			isa = XCConfigurationList;
			buildConfigurations = (
				B6207BCC2C366A96001C2799 /* Debug */,
				B6207BCD2C366A96001C2799 /* Release */,
			);
			defaultConfigurationIsVisible = 0;
			defaultConfigurationName = Release;
		};
/* End XCConfigurationList section */

/* Begin XCRemoteSwiftPackageReference section */
		B6207BD22C367C21001C2799 /* XCRemoteSwiftPackageReference "cloudinary_ios" */ = {
			isa = XCRemoteSwiftPackageReference;
			repositoryURL = "https://github.com/cloudinary/cloudinary_ios";
			requirement = {
				kind = upToNextMajorVersion;
				minimumVersion = 5.0.0;
			};
		};
/* End XCRemoteSwiftPackageReference section */

/* Begin XCSwiftPackageProductDependency section */
		B6207BD32C367C21001C2799 /* Cloudinary */ = {
			isa = XCSwiftPackageProductDependency;
			package = B6207BD22C367C21001C2799 /* XCRemoteSwiftPackageReference "cloudinary_ios" */;
			productName = Cloudinary;
		};
/* End XCSwiftPackageProductDependency section */
	};
	rootObject = B6207BAF2C366A94001C2799 /* Project object */;
}
