{
  "pins" : [
    {
      "identity" : "cloudinary_ios",
      "kind" : "remoteSourceControl",
      "location" : "https://github.com/cloudinary/cloudinary_ios",
      "state" : {
        "revision" : "b4daed17183f45a1ef3045983ee8255dc1979122",
        "version" : "5.0.0"
      }
    }
  ],
  "version" : 2
}
